
Microsoft Visual Studio Solution File, Format Version 12.00
# Visual Studio Version 17
VisualStudioVersion = 17.1.32210.238
MinimumVisualStudioVersion = 10.0.40219.1
Project("{9A19103F-16F7-4668-BE54-9A1E7A4F7556}") = "AgendaContatos.Mvc", "AgendaContatos.Mvc\AgendaContatos.Mvc.csproj", "{D5F0F523-A87B-42E1-985F-A69F31531A65}"
EndProject
Project("{FAE04EC0-301F-11D3-BF4B-00C04F79EFBC}") = "AgendaContatos.Data", "AgendaContatos.Data\AgendaContatos.Data.csproj", "{80D9ACEA-2345-4240-B13A-D024267ABC4D}"
EndProject
Project("{2150E333-8FDC-42A3-9474-1A3956D46DE8}") = "1 - Presentation Layer", "1 - Presentation Layer", "{770D414B-A94E-431C-BF96-1222CE36FC9B}"
EndProject
Project("{2150E333-8FDC-42A3-9474-1A3956D46DE8}") = "2 - Data Layer", "2 - Data Layer", "{C4EB5812-8CE5-4AE5-BC07-5DD137482A87}"
EndProject
Global
	GlobalSection(SolutionConfigurationPlatforms) = preSolution
		Debug|Any CPU = Debug|Any CPU
		Release|Any CPU = Release|Any CPU
	EndGlobalSection
	GlobalSection(ProjectConfigurationPlatforms) = postSolution
		{D5F0F523-A87B-42E1-985F-A69F31531A65}.Debug|Any CPU.ActiveCfg = Debug|Any CPU
		{D5F0F523-A87B-42E1-985F-A69F31531A65}.Debug|Any CPU.Build.0 = Debug|Any CPU
		{D5F0F523-A87B-42E1-985F-A69F31531A65}.Release|Any CPU.ActiveCfg = Release|Any CPU
		{D5F0F523-A87B-42E1-985F-A69F31531A65}.Release|Any CPU.Build.0 = Release|Any CPU
		{80D9ACEA-2345-4240-B13A-D024267ABC4D}.Debug|Any CPU.ActiveCfg = Debug|Any CPU
		{80D9ACEA-2345-4240-B13A-D024267ABC4D}.Debug|Any CPU.Build.0 = Debug|Any CPU
		{80D9ACEA-2345-4240-B13A-D024267ABC4D}.Release|Any CPU.ActiveCfg = Release|Any CPU
		{80D9ACEA-2345-4240-B13A-D024267ABC4D}.Release|Any CPU.Build.0 = Release|Any CPU
	EndGlobalSection
	GlobalSection(SolutionProperties) = preSolution
		HideSolutionNode = FALSE
	EndGlobalSection
	GlobalSection(NestedProjects) = preSolution
		{D5F0F523-A87B-42E1-985F-A69F31531A65} = {770D414B-A94E-431C-BF96-1222CE36FC9B}
		{80D9ACEA-2345-4240-B13A-D024267ABC4D} = {C4EB5812-8CE5-4AE5-BC07-5DD137482A87}
	EndGlobalSection
	GlobalSection(ExtensibilityGlobals) = postSolution
		SolutionGuid = {89FAA79C-6235-477C-B1F6-E2F1306BA37C}
	EndGlobalSection
EndGlobal
